
Microsoft Visual Studio Solution File, Format Version 12.00
# Visual Studio Version 17
VisualStudioVersion = 17.7.34009.444
MinimumVisualStudioVersion = 10.0.40219.1
Project("{FAE04EC0-301F-11D3-BF4B-00C04F79EFBC}") = "KidKinder", "KidKinder\KidKinder.csproj", "{F0AE5BCA-49F0-442F-8CF9-22249682B43B}"
EndProject
Global
	GlobalSection(SolutionConfigurationPlatforms) = preSolution
		Debug|Any CPU = Debug|Any CPU
		Release|Any CPU = Release|Any CPU
	EndGlobalSection
	GlobalSection(ProjectConfigurationPlatforms) = postSolution
		{F0AE5BCA-49F0-442F-8CF9-22249682B43B}.Debug|Any CPU.ActiveCfg = Debug|Any CPU
		{F0AE5BCA-49F0-442F-8CF9-22249682B43B}.Debug|Any CPU.Build.0 = Debug|Any CPU
		{F0AE5BCA-49F0-442F-8CF9-22249682B43B}.Release|Any CPU.ActiveCfg = Release|Any CPU
		{F0AE5BCA-49F0-442F-8CF9-22249682B43B}.Release|Any CPU.Build.0 = Release|Any CPU
	EndGlobalSection
	GlobalSection(SolutionProperties) = preSolution
		HideSolutionNode = FALSE
	EndGlobalSection
	GlobalSection(ExtensibilityGlobals) = postSolution
		SolutionGuid = {C5AA54C1-70EC-418A-9669-D957D49E517E}
	EndGlobalSection
EndGlobal
